
Microsoft Visual Studio Solution File, Format Version 12.00
# Visual Studio Version 17
VisualStudioVersion = 17.9.34622.214
MinimumVisualStudioVersion = 10.0.40219.1
Project("{FAE04EC0-301F-11D3-BF4B-00C04F79EFBC}") = "IMLab1", "IMLab1\IMLab1.csproj", "{380DEFCF-B522-4070-A7B0-4CC17AFFB6DB}"
EndProject
Global
	GlobalSection(SolutionConfigurationPlatforms) = preSolution
		Debug|Any CPU = Debug|Any CPU
		Release|Any CPU = Release|Any CPU
	EndGlobalSection
	GlobalSection(ProjectConfigurationPlatforms) = postSolution
		{380DEFCF-B522-4070-A7B0-4CC17AFFB6DB}.Debug|Any CPU.ActiveCfg = Debug|Any CPU
		{380DEFCF-B522-4070-A7B0-4CC17AFFB6DB}.Debug|Any CPU.Build.0 = Debug|Any CPU
		{380DEFCF-B522-4070-A7B0-4CC17AFFB6DB}.Release|Any CPU.ActiveCfg = Release|Any CPU
		{380DEFCF-B522-4070-A7B0-4CC17AFFB6DB}.Release|Any CPU.Build.0 = Release|Any CPU
	EndGlobalSection
	GlobalSection(SolutionProperties) = preSolution
		HideSolutionNode = FALSE
	EndGlobalSection
	GlobalSection(ExtensibilityGlobals) = postSolution
		SolutionGuid = {A84ED1AA-5FED-44FD-9AA3-C4D77DAA7920}
	EndGlobalSection
EndGlobal
